# This file is automatically @generated by Cargo.
# It is not intended for manual editing.
version = 4

[[package]]
name = "autocfg"
version = "1.4.0"
source = "registry+https://github.com/rust-lang/crates.io-index"
checksum = "ace50bade8e6234aa140d9a2f552bbee1db4d353f69b8217bc503490fc1a9f26"

[[package]]
name = "nano-gemm-c32"
version = "0.2.1"
dependencies = [
 "nano-gemm-codegen",
 "nano-gemm-core",
 "num-complex",
]

[[package]]
name = "nano-gemm-codegen"
version = "0.2.1"
source = "registry+https://github.com/rust-lang/crates.io-index"
checksum = "6cc8d495c791627779477a2cf5df60049f5b165342610eb0d76bee5ff5c5d74c"

[[package]]
name = "nano-gemm-core"
version = "0.2.1"
source = "registry+https://github.com/rust-lang/crates.io-index"
checksum = "d998dfa644de87a0f8660e5ea511d7cb5c33b5a2d9847b7af57a2565105089f0"

[[package]]
name = "num-complex"
version = "0.4.6"
source = "registry+https://github.com/rust-lang/crates.io-index"
checksum = "73f88a1307638156682bada9d7604135552957b7818057dcef22705b4d509495"
dependencies = [
 "num-traits",
]

[[package]]
name = "num-traits"
version = "0.2.19"
source = "registry+https://github.com/rust-lang/crates.io-index"
checksum = "071dfc062690e90b734c0b2273ce72ad0ffa95f0c74596bc250dcfd960262841"
dependencies = [
 "autocfg",
]
