# This file is automatically @generated by Cargo.
# It is not intended for manual editing.
version = 4

[[package]]
name = "nano-gemm-codegen"
version = "0.2.1"
source = "registry+https://github.com/rust-lang/crates.io-index"
checksum = "6cc8d495c791627779477a2cf5df60049f5b165342610eb0d76bee5ff5c5d74c"

[[package]]
name = "nano-gemm-core"
version = "0.2.1"
source = "registry+https://github.com/rust-lang/crates.io-index"
checksum = "d998dfa644de87a0f8660e5ea511d7cb5c33b5a2d9847b7af57a2565105089f0"

[[package]]
name = "nano-gemm-f32"
version = "0.2.1"
dependencies = [
 "nano-gemm-codegen",
 "nano-gemm-core",
]
